
Microsoft Visual Studio Solution File, Format Version 12.00
# Visual Studio Version 16
VisualStudioVersion = 16.0.30011.22
MinimumVisualStudioVersion = 10.0.40219.1
Project("{FAE04EC0-301F-11D3-BF4B-00C04F79EFBC}") = "QuanLyBenhNhan", "QuanLyBenhNhan.csproj", "{124B3534-2DE5-413A-94A0-857BF44E0823}"
EndProject
Global
	GlobalSection(SolutionConfigurationPlatforms) = preSolution
		Debug|Any CPU = Debug|Any CPU
		Release|Any CPU = Release|Any CPU
	EndGlobalSection
	GlobalSection(ProjectConfigurationPlatforms) = postSolution
		{124B3534-2DE5-413A-94A0-857BF44E0823}.Debug|Any CPU.ActiveCfg = Debug|Any CPU
		{124B3534-2DE5-413A-94A0-857BF44E0823}.Debug|Any CPU.Build.0 = Debug|Any CPU
		{124B3534-2DE5-413A-94A0-857BF44E0823}.Release|Any CPU.ActiveCfg = Release|Any CPU
		{124B3534-2DE5-413A-94A0-857BF44E0823}.Release|Any CPU.Build.0 = Release|Any CPU
	EndGlobalSection
	GlobalSection(SolutionProperties) = preSolution
		HideSolutionNode = FALSE
	EndGlobalSection
	GlobalSection(ExtensibilityGlobals) = postSolution
		SolutionGuid = {BA403ECD-237C-4C44-B312-4C940122DF47}
	EndGlobalSection
EndGlobal
